
Microsoft Visual Studio Solution File, Format Version 12.00
# Visual Studio Version 17
VisualStudioVersion = 17.11.35303.130
MinimumVisualStudioVersion = 10.0.40219.1
Project("{FAE04EC0-301F-11D3-BF4B-00C04F79EFBC}") = "Api", "Api\Api.csproj", "{261BCBFF-5646-4CA9-B7E4-7C3A7AD989CE}"
EndProject
Global
	GlobalSection(SolutionConfigurationPlatforms) = preSolution
		Debug|Any CPU = Debug|Any CPU
		Release|Any CPU = Release|Any CPU
	EndGlobalSection
	GlobalSection(ProjectConfigurationPlatforms) = postSolution
		{261BCBFF-5646-4CA9-B7E4-7C3A7AD989CE}.Debug|Any CPU.ActiveCfg = Debug|Any CPU
		{261BCBFF-5646-4CA9-B7E4-7C3A7AD989CE}.Debug|Any CPU.Build.0 = Debug|Any CPU
		{261BCBFF-5646-4CA9-B7E4-7C3A7AD989CE}.Release|Any CPU.ActiveCfg = Release|Any CPU
		{261BCBFF-5646-4CA9-B7E4-7C3A7AD989CE}.Release|Any CPU.Build.0 = Release|Any CPU
	EndGlobalSection
	GlobalSection(SolutionProperties) = preSolution
		HideSolutionNode = FALSE
	EndGlobalSection
	GlobalSection(ExtensibilityGlobals) = postSolution
		SolutionGuid = {5FE0B51E-AF49-4E25-88D7-68AAE656C481}
	EndGlobalSection
EndGlobal
